# This file is automatically @generated by Cargo.
# It is not intended for manual editing.
[[package]]
name = "cc"
version = "1.0.60"
source = "registry+https://github.com/rust-lang/crates.io-index"

[[package]]
name = "hidapi"
version = "1.2.3"
source = "registry+https://github.com/rust-lang/crates.io-index"
dependencies = [
 "cc 1.0.60 (registry+https://github.com/rust-lang/crates.io-index)",
 "libc 0.2.78 (registry+https://github.com/rust-lang/crates.io-index)",
 "pkg-config 0.3.18 (registry+https://github.com/rust-lang/crates.io-index)",
]

[[package]]
name = "libc"
version = "0.2.78"
source = "registry+https://github.com/rust-lang/crates.io-index"

[[package]]
name = "pkg-config"
version = "0.3.18"
source = "registry+https://github.com/rust-lang/crates.io-index"

[[package]]
name = "redox_hwio"
version = "0.1.3"
source = "registry+https://github.com/rust-lang/crates.io-index"

[[package]]
name = "system76_ectool"
version = "0.2.1"
dependencies = [
 "hidapi 1.2.3 (registry+https://github.com/rust-lang/crates.io-index)",
 "libc 0.2.78 (registry+https://github.com/rust-lang/crates.io-index)",
 "redox_hwio 0.1.3 (registry+https://github.com/rust-lang/crates.io-index)",
]

[metadata]
"checksum cc 1.0.60 (registry+https://github.com/rust-lang/crates.io-index)" = "ef611cc68ff783f18535d77ddd080185275713d852c4f5cbb6122c462a7a825c"
"checksum hidapi 1.2.3 (registry+https://github.com/rust-lang/crates.io-index)" = "5c6ffb97f2ec5835ec73bcea5256fc2cd57a13c5958230778ef97f11900ba661"
"checksum libc 0.2.78 (registry+https://github.com/rust-lang/crates.io-index)" = "aa7087f49d294270db4e1928fc110c976cd4b9e5a16348e0a1df09afa99e6c98"
"checksum pkg-config 0.3.18 (registry+https://github.com/rust-lang/crates.io-index)" = "d36492546b6af1463394d46f0c834346f31548646f6ba10849802c9c9a27ac33"
"checksum redox_hwio 0.1.3 (registry+https://github.com/rust-lang/crates.io-index)" = "41aa2c4c67329a04106644cad336238aa5adecfd73d06fb10339d472ce6d8070"
