# This file is automatically @generated by Cargo.
# It is not intended for manual editing.
[[package]]
name = "lazy_static"
version = "1.4.0"
source = "registry+https://github.com/rust-lang/crates.io-index"

[[package]]
name = "libc"
version = "0.2.78"
source = "registry+https://github.com/rust-lang/crates.io-index"

[[package]]
name = "redox_hwio"
version = "0.1.3"
source = "registry+https://github.com/rust-lang/crates.io-index"
dependencies = [
 "lazy_static 1.4.0 (registry+https://github.com/rust-lang/crates.io-index)",
]

[[package]]
name = "system76_ectool"
version = "0.2.0"
dependencies = [
 "libc 0.2.78 (registry+https://github.com/rust-lang/crates.io-index)",
 "redox_hwio 0.1.3 (registry+https://github.com/rust-lang/crates.io-index)",
]

[metadata]
"checksum lazy_static 1.4.0 (registry+https://github.com/rust-lang/crates.io-index)" = "e2abad23fbc42b3700f2f279844dc832adb2b2eb069b2df918f455c4e18cc646"
"checksum libc 0.2.78 (registry+https://github.com/rust-lang/crates.io-index)" = "aa7087f49d294270db4e1928fc110c976cd4b9e5a16348e0a1df09afa99e6c98"
"checksum redox_hwio 0.1.3 (registry+https://github.com/rust-lang/crates.io-index)" = "41aa2c4c67329a04106644cad336238aa5adecfd73d06fb10339d472ce6d8070"
