# This file is automatically @generated by Cargo.
# It is not intended for manual editing.
[[package]]
name = "cc"
version = "1.0.66"
source = "registry+https://github.com/rust-lang/crates.io-index"

[[package]]
name = "hidapi"
version = "1.2.5"
source = "registry+https://github.com/rust-lang/crates.io-index"
dependencies = [
 "cc 1.0.66 (registry+https://github.com/rust-lang/crates.io-index)",
 "libc 0.2.81 (registry+https://github.com/rust-lang/crates.io-index)",
 "pkg-config 0.3.19 (registry+https://github.com/rust-lang/crates.io-index)",
]

[[package]]
name = "libc"
version = "0.2.81"
source = "registry+https://github.com/rust-lang/crates.io-index"

[[package]]
name = "pkg-config"
version = "0.3.19"
source = "registry+https://github.com/rust-lang/crates.io-index"

[[package]]
name = "redox_hwio"
version = "0.1.3"
source = "registry+https://github.com/rust-lang/crates.io-index"

[[package]]
name = "system76_ectool"
version = "0.2.3"
dependencies = [
 "hidapi 1.2.5 (registry+https://github.com/rust-lang/crates.io-index)",
 "libc 0.2.81 (registry+https://github.com/rust-lang/crates.io-index)",
 "redox_hwio 0.1.3 (registry+https://github.com/rust-lang/crates.io-index)",
]

[metadata]
"checksum cc 1.0.66 (registry+https://github.com/rust-lang/crates.io-index)" = "4c0496836a84f8d0495758516b8621a622beb77c0fed418570e50764093ced48"
"checksum hidapi 1.2.5 (registry+https://github.com/rust-lang/crates.io-index)" = "76c352a18370f7e7e47bcbfcbdc5432b8c80c705b5d751a25232c659fcf5c775"
"checksum libc 0.2.81 (registry+https://github.com/rust-lang/crates.io-index)" = "1482821306169ec4d07f6aca392a4681f66c75c9918aa49641a2595db64053cb"
"checksum pkg-config 0.3.19 (registry+https://github.com/rust-lang/crates.io-index)" = "3831453b3449ceb48b6d9c7ad7c96d5ea673e9b470a1dc578c2ce6521230884c"
"checksum redox_hwio 0.1.3 (registry+https://github.com/rust-lang/crates.io-index)" = "41aa2c4c67329a04106644cad336238aa5adecfd73d06fb10339d472ce6d8070"
